
Microsoft Visual Studio Solution File, Format Version 12.00
# Visual Studio Version 17
VisualStudioVersion = 17.4.33403.182
MinimumVisualStudioVersion = 10.0.40219.1
Project("{9A19103F-16F7-4668-BE54-9A1E7A4F7556}") = "Wurs.Extensions.ServiceCollection", "Wurs.Extensions.ServiceCollection\Wurs.Extensions.ServiceCollection.csproj", "{B67A4F04-36B0-4E3F-BD36-6D4F5E3494FF}"
EndProject
Global
	GlobalSection(SolutionConfigurationPlatforms) = preSolution
		Debug|Any CPU = Debug|Any CPU
		Release|Any CPU = Release|Any CPU
	EndGlobalSection
	GlobalSection(ProjectConfigurationPlatforms) = postSolution
		{B67A4F04-36B0-4E3F-BD36-6D4F5E3494FF}.Debug|Any CPU.ActiveCfg = Debug|Any CPU
		{B67A4F04-36B0-4E3F-BD36-6D4F5E3494FF}.Debug|Any CPU.Build.0 = Debug|Any CPU
		{B67A4F04-36B0-4E3F-BD36-6D4F5E3494FF}.Release|Any CPU.ActiveCfg = Release|Any CPU
		{B67A4F04-36B0-4E3F-BD36-6D4F5E3494FF}.Release|Any CPU.Build.0 = Release|Any CPU
	EndGlobalSection
	GlobalSection(SolutionProperties) = preSolution
		HideSolutionNode = FALSE
	EndGlobalSection
	GlobalSection(ExtensibilityGlobals) = postSolution
		SolutionGuid = {63957EA3-3D13-4A4D-BE68-EDD6F858CE56}
	EndGlobalSection
EndGlobal
